// !$*UTF8*$!
{
	archiveVersion = 1;
	classes = {
	};
	objectVersion = 46;
	objects = {

/* Begin PBXBuildFile section */
		3E6113E11F3C999100382734 /* AppDelegate.swift in Sources */ = {isa = PBXBuildFile; fileRef = 3E6113E01F3C999100382734 /* AppDelegate.swift */; };
		3E6113E31F3C999100382734 /* ViewController.swift in Sources */ = {isa = PBXBuildFile; fileRef = 3E6113E21F3C999100382734 /* ViewController.swift */; };
		3E6113E61F3C999100382734 /* Main.storyboard in Resources */ = {isa = PBXBuildFile; fileRef = 3E6113E41F3C999100382734 /* Main.storyboard */; };
		3E6113E81F3C999100382734 /* Assets.xcassets in Resources */ = {isa = PBXBuildFile; fileRef = 3E6113E71F3C999100382734 /* Assets.xcassets */; };
		3E6113EB1F3C999100382734 /* LaunchScreen.storyboard in Resources */ = {isa = PBXBuildFile; fileRef = 3E6113E91F3C999100382734 /* LaunchScreen.storyboard */; };
		3E6113F61F3C999100382734 /* pokedex3Tests.swift in Sources */ = {isa = PBXBuildFile; fileRef = 3E6113F51F3C999100382734 /* pokedex3Tests.swift */; };
		3E6114011F3C999200382734 /* pokedex3UITests.swift in Sources */ = {isa = PBXBuildFile; fileRef = 3E6114001F3C999200382734 /* pokedex3UITests.swift */; };
		3E61140F1F3C9C5700382734 /* pokemon.csv in Resources */ = {isa = PBXBuildFile; fileRef = 3E61140E1F3C9C5700382734 /* pokemon.csv */; };
		3E6114121F3C9D8900382734 /* pokemon.swift in Sources */ = {isa = PBXBuildFile; fileRef = 3E6114111F3C9D8900382734 /* pokemon.swift */; };
		3E6114151F41DFFF00382734 /* PokeCell.swift in Sources */ = {isa = PBXBuildFile; fileRef = 3E6114141F41DFFF00382734 /* PokeCell.swift */; };
		3E6114191F41F10A00382734 /* csv.swift in Sources */ = {isa = PBXBuildFile; fileRef = 3E6114181F41F10A00382734 /* csv.swift */; };
		3E61141C1F4215F500382734 /* Pokemon Hollow.ttf in Resources */ = {isa = PBXBuildFile; fileRef = 3E61141A1F4215F500382734 /* Pokemon Hollow.ttf */; };
		3E61141D1F4215F500382734 /* pokemon.ttf in Resources */ = {isa = PBXBuildFile; fileRef = 3E61141B1F4215F500382734 /* pokemon.ttf */; };
		3EAC45E61F447BB800C99A22 /* music.png in Resources */ = {isa = PBXBuildFile; fileRef = 3EAC45E51F447BB800C99A22 /* music.png */; };
		3EAC45E81F447BD900C99A22 /* music.mp3 in Resources */ = {isa = PBXBuildFile; fileRef = 3EAC45E71F447BD900C99A22 /* music.mp3 */; };
		3EAC45EC1F47486500C99A22 /* PokemonDetailVC.swift in Sources */ = {isa = PBXBuildFile; fileRef = 3EAC45EB1F47486500C99A22 /* PokemonDetailVC.swift */; };
		3EAC45EE1F474F5A00C99A22 /* back.png in Resources */ = {isa = PBXBuildFile; fileRef = 3EAC45ED1F474F5A00C99A22 /* back.png */; };
		9575E26B53700FBA2C113AE1 /* Pods_pokedex3UITests.framework in Frameworks */ = {isa = PBXBuildFile; fileRef = 2D91F672DF113803808F9C33 /* Pods_pokedex3UITests.framework */; };
		9CAEDFEAA6CC32EFEC6C23D6 /* Pods_pokedex3Tests.framework in Frameworks */ = {isa = PBXBuildFile; fileRef = 76549558301D860510859E23 /* Pods_pokedex3Tests.framework */; };
		D99C5CDA6E2E9723F317D284 /* Pods_pokedex3.framework in Frameworks */ = {isa = PBXBuildFile; fileRef = 2A9B03C7A656603946559ED9 /* Pods_pokedex3.framework */; };
/* End PBXBuildFile section */

/* Begin PBXContainerItemProxy section */
		3E6113F21F3C999100382734 /* PBXContainerItemProxy */ = {
			isa = PBXContainerItemProxy;
			containerPortal = 3E6113D51F3C999100382734 /* Project object */;
			proxyType = 1;
			remoteGlobalIDString = 3E6113DC1F3C999100382734;
			remoteInfo = pokedex3;
		};
		3E6113FD1F3C999200382734 /* PBXContainerItemProxy */ = {
			isa = PBXContainerItemProxy;
			containerPortal = 3E6113D51F3C999100382734 /* Project object */;
			proxyType = 1;
			remoteGlobalIDString = 3E6113DC1F3C999100382734;
			remoteInfo = pokedex3;
		};
/* End PBXContainerItemProxy section */

/* Begin PBXFileReference section */
		2A9B03C7A656603946559ED9 /* Pods_pokedex3.framework */ = {isa = PBXFileReference; explicitFileType = wrapper.framework; includeInIndex = 0; path = Pods_pokedex3.framework; sourceTree = BUILT_PRODUCTS_DIR; };
		2D91F672DF113803808F9C33 /* Pods_pokedex3UITests.framework */ = {isa = PBXFileReference; explicitFileType = wrapper.framework; includeInIndex = 0; path = Pods_pokedex3UITests.framework; sourceTree = BUILT_PRODUCTS_DIR; };
		3E6113DD1F3C999100382734 /* pokedex3.app */ = {isa = PBXFileReference; explicitFileType = wrapper.application; includeInIndex = 0; path = pokedex3.app; sourceTree = BUILT_PRODUCTS_DIR; };
		3E6113E01F3C999100382734 /* AppDelegate.swift */ = {isa = PBXFileReference; lastKnownFileType = sourcecode.swift; path = AppDelegate.swift; sourceTree = "<group>"; };
		3E6113E21F3C999100382734 /* ViewController.swift */ = {isa = PBXFileReference; lastKnownFileType = sourcecode.swift; path = ViewController.swift; sourceTree = "<group>"; };
		3E6113E51F3C999100382734 /* Base */ = {isa = PBXFileReference; lastKnownFileType = file.storyboard; name = Base; path = Base.lproj/Main.storyboard; sourceTree = "<group>"; };
		3E6113E71F3C999100382734 /* Assets.xcassets */ = {isa = PBXFileReference; lastKnownFileType = folder.assetcatalog; path = Assets.xcassets; sourceTree = "<group>"; };
		3E6113EA1F3C999100382734 /* Base */ = {isa = PBXFileReference; lastKnownFileType = file.storyboard; name = Base; path = Base.lproj/LaunchScreen.storyboard; sourceTree = "<group>"; };
		3E6113EC1F3C999100382734 /* Info.plist */ = {isa = PBXFileReference; lastKnownFileType = text.plist.xml; path = Info.plist; sourceTree = "<group>"; };
		3E6113F11F3C999100382734 /* pokedex3Tests.xctest */ = {isa = PBXFileReference; explicitFileType = wrapper.cfbundle; includeInIndex = 0; path = pokedex3Tests.xctest; sourceTree = BUILT_PRODUCTS_DIR; };
		3E6113F51F3C999100382734 /* pokedex3Tests.swift */ = {isa = PBXFileReference; lastKnownFileType = sourcecode.swift; path = pokedex3Tests.swift; sourceTree = "<group>"; };
		3E6113F71F3C999100382734 /* Info.plist */ = {isa = PBXFileReference; lastKnownFileType = text.plist.xml; path = Info.plist; sourceTree = "<group>"; };
		3E6113FC1F3C999200382734 /* pokedex3UITests.xctest */ = {isa = PBXFileReference; explicitFileType = wrapper.cfbundle; includeInIndex = 0; path = pokedex3UITests.xctest; sourceTree = BUILT_PRODUCTS_DIR; };
		3E6114001F3C999200382734 /* pokedex3UITests.swift */ = {isa = PBXFileReference; lastKnownFileType = sourcecode.swift; path = pokedex3UITests.swift; sourceTree = "<group>"; };
		3E6114021F3C999200382734 /* Info.plist */ = {isa = PBXFileReference; lastKnownFileType = text.plist.xml; path = Info.plist; sourceTree = "<group>"; };
		3E61140E1F3C9C5700382734 /* pokemon.csv */ = {isa = PBXFileReference; fileEncoding = 4; lastKnownFileType = text; path = pokemon.csv; sourceTree = "<group>"; };
		3E6114111F3C9D8900382734 /* pokemon.swift */ = {isa = PBXFileReference; fileEncoding = 4; lastKnownFileType = sourcecode.swift; path = pokemon.swift; sourceTree = "<group>"; };
		3E6114141F41DFFF00382734 /* PokeCell.swift */ = {isa = PBXFileReference; fileEncoding = 4; lastKnownFileType = sourcecode.swift; path = PokeCell.swift; sourceTree = "<group>"; };
		3E6114181F41F10A00382734 /* csv.swift */ = {isa = PBXFileReference; fileEncoding = 4; lastKnownFileType = sourcecode.swift; name = csv.swift; path = "csvswift-master/csv.swift"; sourceTree = "<group>"; };
		3E61141A1F4215F500382734 /* Pokemon Hollow.ttf */ = {isa = PBXFileReference; lastKnownFileType = file; path = "Pokemon Hollow.ttf"; sourceTree = "<group>"; };
		3E61141B1F4215F500382734 /* pokemon.ttf */ = {isa = PBXFileReference; lastKnownFileType = file; path = pokemon.ttf; sourceTree = "<group>"; };
		3EAC45E51F447BB800C99A22 /* music.png */ = {isa = PBXFileReference; lastKnownFileType = image.png; path = music.png; sourceTree = "<group>"; };
		3EAC45E71F447BD900C99A22 /* music.mp3 */ = {isa = PBXFileReference; lastKnownFileType = audio.mp3; path = music.mp3; sourceTree = "<group>"; };
		3EAC45EB1F47486500C99A22 /* PokemonDetailVC.swift */ = {isa = PBXFileReference; fileEncoding = 4; lastKnownFileType = sourcecode.swift; path = PokemonDetailVC.swift; sourceTree = "<group>"; };
		3EAC45ED1F474F5A00C99A22 /* back.png */ = {isa = PBXFileReference; lastKnownFileType = image.png; path = back.png; sourceTree = "<group>"; };
		623E3A9AA55F505E047FC030 /* Pods-pokedex3Tests.debug.xcconfig */ = {isa = PBXFileReference; includeInIndex = 1; lastKnownFileType = text.xcconfig; name = "Pods-pokedex3Tests.debug.xcconfig"; path = "Pods/Target Support Files/Pods-pokedex3Tests/Pods-pokedex3Tests.debug.xcconfig"; sourceTree = "<group>"; };
		67AB6DCEC113AFA05FD46D36 /* Pods-pokedex3.release.xcconfig */ = {isa = PBXFileReference; includeInIndex = 1; lastKnownFileType = text.xcconfig; name = "Pods-pokedex3.release.xcconfig"; path = "Pods/Target Support Files/Pods-pokedex3/Pods-pokedex3.release.xcconfig"; sourceTree = "<group>"; };
		76549558301D860510859E23 /* Pods_pokedex3Tests.framework */ = {isa = PBXFileReference; explicitFileType = wrapper.framework; includeInIndex = 0; path = Pods_pokedex3Tests.framework; sourceTree = BUILT_PRODUCTS_DIR; };
		9155D24F777774CA4120DA6A /* Pods-pokedex3.debug.xcconfig */ = {isa = PBXFileReference; includeInIndex = 1; lastKnownFileType = text.xcconfig; name = "Pods-pokedex3.debug.xcconfig"; path = "Pods/Target Support Files/Pods-pokedex3/Pods-pokedex3.debug.xcconfig"; sourceTree = "<group>"; };
		9C08FF1018954AEA8A388353 /* Pods-pokedex3UITests.release.xcconfig */ = {isa = PBXFileReference; includeInIndex = 1; lastKnownFileType = text.xcconfig; name = "Pods-pokedex3UITests.release.xcconfig"; path = "Pods/Target Support Files/Pods-pokedex3UITests/Pods-pokedex3UITests.release.xcconfig"; sourceTree = "<group>"; };
		A29431BF6CE779BAA41CD67A /* Pods-pokedex3UITests.debug.xcconfig */ = {isa = PBXFileReference; includeInIndex = 1; lastKnownFileType = text.xcconfig; name = "Pods-pokedex3UITests.debug.xcconfig"; path = "Pods/Target Support Files/Pods-pokedex3UITests/Pods-pokedex3UITests.debug.xcconfig"; sourceTree = "<group>"; };
		D03492AD6683308B4ACD6B5F /* Pods-pokedex3Tests.release.xcconfig */ = {isa = PBXFileReference; includeInIndex = 1; lastKnownFileType = text.xcconfig; name = "Pods-pokedex3Tests.release.xcconfig"; path = "Pods/Target Support Files/Pods-pokedex3Tests/Pods-pokedex3Tests.release.xcconfig"; sourceTree = "<group>"; };
/* End PBXFileReference section */

/* Begin PBXFrameworksBuildPhase section */
		3E6113DA1F3C999100382734 /* Frameworks */ = {
			isa = PBXFrameworksBuildPhase;
			buildActionMask = 2147483647;
			files = (
				D99C5CDA6E2E9723F317D284 /* Pods_pokedex3.framework in Frameworks */,
			);
			runOnlyForDeploymentPostprocessing = 0;
		};
		3E6113EE1F3C999100382734 /* Frameworks */ = {
			isa = PBXFrameworksBuildPhase;
			buildActionMask = 2147483647;
			files = (
				9CAEDFEAA6CC32EFEC6C23D6 /* Pods_pokedex3Tests.framework in Frameworks */,
			);
			runOnlyForDeploymentPostprocessing = 0;
		};
		3E6113F91F3C999200382734 /* Frameworks */ = {
			isa = PBXFrameworksBuildPhase;
			buildActionMask = 2147483647;
			files = (
				9575E26B53700FBA2C113AE1 /* Pods_pokedex3UITests.framework in Frameworks */,
			);
			runOnlyForDeploymentPostprocessing = 0;
		};
/* End PBXFrameworksBuildPhase section */

/* Begin PBXGroup section */
		267D4735315FD91FC6F28F48 /* Pods */ = {
			isa = PBXGroup;
			children = (
				9155D24F777774CA4120DA6A /* Pods-pokedex3.debug.xcconfig */,
				67AB6DCEC113AFA05FD46D36 /* Pods-pokedex3.release.xcconfig */,
				623E3A9AA55F505E047FC030 /* Pods-pokedex3Tests.debug.xcconfig */,
				D03492AD6683308B4ACD6B5F /* Pods-pokedex3Tests.release.xcconfig */,
				A29431BF6CE779BAA41CD67A /* Pods-pokedex3UITests.debug.xcconfig */,
				9C08FF1018954AEA8A388353 /* Pods-pokedex3UITests.release.xcconfig */,
			);
			name = Pods;
			sourceTree = "<group>";
		};
		3E6113D41F3C999100382734 = {
			isa = PBXGroup;
			children = (
				3E6113DF1F3C999100382734 /* pokedex3 */,
				3E6113F41F3C999100382734 /* pokedex3Tests */,
				3E6113FF1F3C999200382734 /* pokedex3UITests */,
				3E6113DE1F3C999100382734 /* Products */,
				267D4735315FD91FC6F28F48 /* Pods */,
				7EC83BED5E0DC10B19180E6C /* Frameworks */,
			);
			sourceTree = "<group>";
		};
		3E6113DE1F3C999100382734 /* Products */ = {
			isa = PBXGroup;
			children = (
				3E6113DD1F3C999100382734 /* pokedex3.app */,
				3E6113F11F3C999100382734 /* pokedex3Tests.xctest */,
				3E6113FC1F3C999200382734 /* pokedex3UITests.xctest */,
			);
			name = Products;
			sourceTree = "<group>";
		};
		3E6113DF1F3C999100382734 /* pokedex3 */ = {
			isa = PBXGroup;
			children = (
				3E61141F1F42166600382734 /* Resources */,
				3E61141E1F42165200382734 /* Controller */,
				3E6114131F41DFAE00382734 /* View */,
				3E6114101F3C9D7700382734 /* Model */,
				3E6113E01F3C999100382734 /* AppDelegate.swift */,
				3E6113E41F3C999100382734 /* Main.storyboard */,
				3E6114201F42169000382734 /* Util */,
				3E6113E71F3C999100382734 /* Assets.xcassets */,
				3EAC45ED1F474F5A00C99A22 /* back.png */,
				3E6113E91F3C999100382734 /* LaunchScreen.storyboard */,
				3E6113EC1F3C999100382734 /* Info.plist */,
			);
			path = pokedex3;
			sourceTree = "<group>";
		};
		3E6113F41F3C999100382734 /* pokedex3Tests */ = {
			isa = PBXGroup;
			children = (
				3E6113F51F3C999100382734 /* pokedex3Tests.swift */,
				3E6113F71F3C999100382734 /* Info.plist */,
			);
			path = pokedex3Tests;
			sourceTree = "<group>";
		};
		3E6113FF1F3C999200382734 /* pokedex3UITests */ = {
			isa = PBXGroup;
			children = (
				3E6114001F3C999200382734 /* pokedex3UITests.swift */,
				3E6114021F3C999200382734 /* Info.plist */,
			);
			path = pokedex3UITests;
			sourceTree = "<group>";
		};
		3E6114101F3C9D7700382734 /* Model */ = {
			isa = PBXGroup;
			children = (
				3E6114111F3C9D8900382734 /* pokemon.swift */,
			);
			name = Model;
			sourceTree = "<group>";
		};
		3E6114131F41DFAE00382734 /* View */ = {
			isa = PBXGroup;
			children = (
				3E6114141F41DFFF00382734 /* PokeCell.swift */,
			);
			name = View;
			sourceTree = "<group>";
		};
		3E61141E1F42165200382734 /* Controller */ = {
			isa = PBXGroup;
			children = (
				3E6113E21F3C999100382734 /* ViewController.swift */,
				3EAC45EB1F47486500C99A22 /* PokemonDetailVC.swift */,
			);
			name = Controller;
			sourceTree = "<group>";
		};
		3E61141F1F42166600382734 /* Resources */ = {
			isa = PBXGroup;
			children = (
				3E61141A1F4215F500382734 /* Pokemon Hollow.ttf */,
				3E61140E1F3C9C5700382734 /* pokemon.csv */,
				3E61141B1F4215F500382734 /* pokemon.ttf */,
				3EAC45E71F447BD900C99A22 /* music.mp3 */,
				3EAC45E51F447BB800C99A22 /* music.png */,
			);
			name = Resources;
			sourceTree = "<group>";
		};
		3E6114201F42169000382734 /* Util */ = {
			isa = PBXGroup;
			children = (
				3E6114181F41F10A00382734 /* csv.swift */,
			);
			name = Util;
			sourceTree = "<group>";
		};
		7EC83BED5E0DC10B19180E6C /* Frameworks */ = {
			isa = PBXGroup;
			children = (
				2A9B03C7A656603946559ED9 /* Pods_pokedex3.framework */,
				76549558301D860510859E23 /* Pods_pokedex3Tests.framework */,
				2D91F672DF113803808F9C33 /* Pods_pokedex3UITests.framework */,
			);
			name = Frameworks;
			sourceTree = "<group>";
		};
/* End PBXGroup section */

/* Begin PBXNativeTarget section */
		3E6113DC1F3C999100382734 /* pokedex3 */ = {
			isa = PBXNativeTarget;
			buildConfigurationList = 3E6114051F3C999200382734 /* Build configuration list for PBXNativeTarget "pokedex3" */;
			buildPhases = (
				8C449D34B52AED58FD3E75D6 /* [CP] Check Pods Manifest.lock */,
				3E6113D91F3C999100382734 /* Sources */,
				3E6113DA1F3C999100382734 /* Frameworks */,
				3E6113DB1F3C999100382734 /* Resources */,
				EDAA11FF626AA5D55F7361F1 /* [CP] Embed Pods Frameworks */,
				4BEEC0C95AF63DC706F5D079 /* [CP] Copy Pods Resources */,
			);
			buildRules = (
			);
			dependencies = (
			);
			name = pokedex3;
			productName = pokedex3;
			productReference = 3E6113DD1F3C999100382734 /* pokedex3.app */;
			productType = "com.apple.product-type.application";
		};
		3E6113F01F3C999100382734 /* pokedex3Tests */ = {
			isa = PBXNativeTarget;
			buildConfigurationList = 3E6114081F3C999200382734 /* Build configuration list for PBXNativeTarget "pokedex3Tests" */;
			buildPhases = (
				794C68E45F30819C05AD2770 /* [CP] Check Pods Manifest.lock */,
				3E6113ED1F3C999100382734 /* Sources */,
				3E6113EE1F3C999100382734 /* Frameworks */,
				3E6113EF1F3C999100382734 /* Resources */,
				4645B2E9AEDFA7798C87DCCD /* [CP] Embed Pods Frameworks */,
				DE0C9457A5F1AA1D1648144E /* [CP] Copy Pods Resources */,
			);
			buildRules = (
			);
			dependencies = (
				3E6113F31F3C999100382734 /* PBXTargetDependency */,
			);
			name = pokedex3Tests;
			productName = pokedex3Tests;
			productReference = 3E6113F11F3C999100382734 /* pokedex3Tests.xctest */;
			productType = "com.apple.product-type.bundle.unit-test";
		};
		3E6113FB1F3C999200382734 /* pokedex3UITests */ = {
			isa = PBXNativeTarget;
			buildConfigurationList = 3E61140B1F3C999200382734 /* Build configuration list for PBXNativeTarget "pokedex3UITests" */;
			buildPhases = (
				7B3091F5FD7C02291D1428E7 /* [CP] Check Pods Manifest.lock */,
				3E6113F81F3C999200382734 /* Sources */,
				3E6113F91F3C999200382734 /* Frameworks */,
				3E6113FA1F3C999200382734 /* Resources */,
				ABB8579B7EBA5F4FFE787300 /* [CP] Embed Pods Frameworks */,
				C7E34B9E6F2773B517A4C485 /* [CP] Copy Pods Resources */,
			);
			buildRules = (
			);
			dependencies = (
				3E6113FE1F3C999200382734 /* PBXTargetDependency */,
			);
			name = pokedex3UITests;
			productName = pokedex3UITests;
			productReference = 3E6113FC1F3C999200382734 /* pokedex3UITests.xctest */;
			productType = "com.apple.product-type.bundle.ui-testing";
		};
/* End PBXNativeTarget section */

/* Begin PBXProject section */
		3E6113D51F3C999100382734 /* Project object */ = {
			isa = PBXProject;
			attributes = {
				LastSwiftUpdateCheck = 0830;
				LastUpgradeCheck = 0830;
				ORGANIZATIONNAME = "Philip Winnington";
				TargetAttributes = {
					3E6113DC1F3C999100382734 = {
						CreatedOnToolsVersion = 8.3.2;
						LastSwiftMigration = 0830;
						ProvisioningStyle = Automatic;
					};
					3E6113F01F3C999100382734 = {
						CreatedOnToolsVersion = 8.3.2;
						LastSwiftMigration = 0830;
						ProvisioningStyle = Automatic;
						TestTargetID = 3E6113DC1F3C999100382734;
					};
					3E6113FB1F3C999200382734 = {
						CreatedOnToolsVersion = 8.3.2;
						LastSwiftMigration = 0830;
						ProvisioningStyle = Automatic;
						TestTargetID = 3E6113DC1F3C999100382734;
					};
				};
			};
			buildConfigurationList = 3E6113D81F3C999100382734 /* Build configuration list for PBXProject "pokedex3" */;
			compatibilityVersion = "Xcode 3.2";
			developmentRegion = English;
			hasScannedForEncodings = 0;
			knownRegions = (
				en,
				Base,
			);
			mainGroup = 3E6113D41F3C999100382734;
			productRefGroup = 3E6113DE1F3C999100382734 /* Products */;
			projectDirPath = "";
			projectRoot = "";
			targets = (
				3E6113DC1F3C999100382734 /* pokedex3 */,
				3E6113F01F3C999100382734 /* pokedex3Tests */,
				3E6113FB1F3C999200382734 /* pokedex3UITests */,
			);
		};
/* End PBXProject section */

/* Begin PBXResourcesBuildPhase section */
		3E6113DB1F3C999100382734 /* Resources */ = {
			isa = PBXResourcesBuildPhase;
			buildActionMask = 2147483647;
			files = (
				3EAC45E81F447BD900C99A22 /* music.mp3 in Resources */,
				3E6113EB1F3C999100382734 /* LaunchScreen.storyboard in Resources */,
				3EAC45EE1F474F5A00C99A22 /* back.png in Resources */,
				3EAC45E61F447BB800C99A22 /* music.png in Resources */,
				3E6113E81F3C999100382734 /* Assets.xcassets in Resources */,
				3E61141C1F4215F500382734 /* Pokemon Hollow.ttf in Resources */,
				3E61141D1F4215F500382734 /* pokemon.ttf in Resources */,
				3E61140F1F3C9C5700382734 /* pokemon.csv in Resources */,
				3E6113E61F3C999100382734 /* Main.storyboard in Resources */,
			);
			runOnlyForDeploymentPostprocessing = 0;
		};
		3E6113EF1F3C999100382734 /* Resources */ = {
			isa = PBXResourcesBuildPhase;
			buildActionMask = 2147483647;
			files = (
			);
			runOnlyForDeploymentPostprocessing = 0;
		};
		3E6113FA1F3C999200382734 /* Resources */ = {
			isa = PBXResourcesBuildPhase;
			buildActionMask = 2147483647;
			files = (
			);
			runOnlyForDeploymentPostprocessing = 0;
		};
/* End PBXResourcesBuildPhase section */

/* Begin PBXShellScriptBuildPhase section */
		4645B2E9AEDFA7798C87DCCD /* [CP] Embed Pods Frameworks */ = {
			isa = PBXShellScriptBuildPhase;
			buildActionMask = 2147483647;
			files = (
			);
			inputPaths = (
			);
			name = "[CP] Embed Pods Frameworks";
			outputPaths = (
			);
			runOnlyForDeploymentPostprocessing = 0;
			shellPath = /bin/sh;
			shellScript = "\"${SRCROOT}/Pods/Target Support Files/Pods-pokedex3Tests/Pods-pokedex3Tests-frameworks.sh\"\n";
			showEnvVarsInLog = 0;
		};
		4BEEC0C95AF63DC706F5D079 /* [CP] Copy Pods Resources */ = {
			isa = PBXShellScriptBuildPhase;
			buildActionMask = 2147483647;
			files = (
			);
			inputPaths = (
			);
			name = "[CP] Copy Pods Resources";
			outputPaths = (
			);
			runOnlyForDeploymentPostprocessing = 0;
			shellPath = /bin/sh;
			shellScript = "\"${SRCROOT}/Pods/Target Support Files/Pods-pokedex3/Pods-pokedex3-resources.sh\"\n";
			showEnvVarsInLog = 0;
		};
		794C68E45F30819C05AD2770 /* [CP] Check Pods Manifest.lock */ = {
			isa = PBXShellScriptBuildPhase;
			buildActionMask = 2147483647;
			files = (
			);
			inputPaths = (
				"${PODS_PODFILE_DIR_PATH}/Podfile.lock",
				"${PODS_ROOT}/Manifest.lock",
			);
			name = "[CP] Check Pods Manifest.lock";
			outputPaths = (
				"$(DERIVED_FILE_DIR)/Pods-pokedex3Tests-checkManifestLockResult.txt",
			);
			runOnlyForDeploymentPostprocessing = 0;
			shellPath = /bin/sh;
			shellScript = "diff \"${PODS_PODFILE_DIR_PATH}/Podfile.lock\" \"${PODS_ROOT}/Manifest.lock\" > /dev/null\nif [ $? != 0 ] ; then\n    # print error to STDERR\n    echo \"error: The sandbox is not in sync with the Podfile.lock. Run 'pod install' or update your CocoaPods installation.\" >&2\n    exit 1\nfi\n# This output is used by Xcode 'outputs' to avoid re-running this script phase.\necho \"SUCCESS\" > \"${SCRIPT_OUTPUT_FILE_0}\"\n";
			showEnvVarsInLog = 0;
		};
		7B3091F5FD7C02291D1428E7 /* [CP] Check Pods Manifest.lock */ = {
			isa = PBXShellScriptBuildPhase;
			buildActionMask = 2147483647;
			files = (
			);
			inputPaths = (
				"${PODS_PODFILE_DIR_PATH}/Podfile.lock",
				"${PODS_ROOT}/Manifest.lock",
			);
			name = "[CP] Check Pods Manifest.lock";
			outputPaths = (
				"$(DERIVED_FILE_DIR)/Pods-pokedex3UITests-checkManifestLockResult.txt",
			);
			runOnlyForDeploymentPostprocessing = 0;
			shellPath = /bin/sh;
			shellScript = "diff \"${PODS_PODFILE_DIR_PATH}/Podfile.lock\" \"${PODS_ROOT}/Manifest.lock\" > /dev/null\nif [ $? != 0 ] ; then\n    # print error to STDERR\n    echo \"error: The sandbox is not in sync with the Podfile.lock. Run 'pod install' or update your CocoaPods installation.\" >&2\n    exit 1\nfi\n# This output is used by Xcode 'outputs' to avoid re-running this script phase.\necho \"SUCCESS\" > \"${SCRIPT_OUTPUT_FILE_0}\"\n";
			showEnvVarsInLog = 0;
		};
		8C449D34B52AED58FD3E75D6 /* [CP] Check Pods Manifest.lock */ = {
			isa = PBXShellScriptBuildPhase;
			buildActionMask = 2147483647;
			files = (
			);
			inputPaths = (
				"${PODS_PODFILE_DIR_PATH}/Podfile.lock",
				"${PODS_ROOT}/Manifest.lock",
			);
			name = "[CP] Check Pods Manifest.lock";
			outputPaths = (
				"$(DERIVED_FILE_DIR)/Pods-pokedex3-checkManifestLockResult.txt",
			);
			runOnlyForDeploymentPostprocessing = 0;
			shellPath = /bin/sh;
			shellScript = "diff \"${PODS_PODFILE_DIR_PATH}/Podfile.lock\" \"${PODS_ROOT}/Manifest.lock\" > /dev/null\nif [ $? != 0 ] ; then\n    # print error to STDERR\n    echo \"error: The sandbox is not in sync with the Podfile.lock. Run 'pod install' or update your CocoaPods installation.\" >&2\n    exit 1\nfi\n# This output is used by Xcode 'outputs' to avoid re-running this script phase.\necho \"SUCCESS\" > \"${SCRIPT_OUTPUT_FILE_0}\"\n";
			showEnvVarsInLog = 0;
		};
		ABB8579B7EBA5F4FFE787300 /* [CP] Embed Pods Frameworks */ = {
			isa = PBXShellScriptBuildPhase;
			buildActionMask = 2147483647;
			files = (
			);
			inputPaths = (
			);
			name = "[CP] Embed Pods Frameworks";
			outputPaths = (
			);
			runOnlyForDeploymentPostprocessing = 0;
			shellPath = /bin/sh;
			shellScript = "\"${SRCROOT}/Pods/Target Support Files/Pods-pokedex3UITests/Pods-pokedex3UITests-frameworks.sh\"\n";
			showEnvVarsInLog = 0;
		};
		C7E34B9E6F2773B517A4C485 /* [CP] Copy Pods Resources */ = {
			isa = PBXShellScriptBuildPhase;
			buildActionMask = 2147483647;
			files = (
			);
			inputPaths = (
			);
			name = "[CP] Copy Pods Resources";
			outputPaths = (
			);
			runOnlyForDeploymentPostprocessing = 0;
			shellPath = /bin/sh;
			shellScript = "\"${SRCROOT}/Pods/Target Support Files/Pods-pokedex3UITests/Pods-pokedex3UITests-resources.sh\"\n";
			showEnvVarsInLog = 0;
		};
		DE0C9457A5F1AA1D1648144E /* [CP] Copy Pods Resources */ = {
			isa = PBXShellScriptBuildPhase;
			buildActionMask = 2147483647;
			files = (
			);
			inputPaths = (
			);
			name = "[CP] Copy Pods Resources";
			outputPaths = (
			);
			runOnlyForDeploymentPostprocessing = 0;
			shellPath = /bin/sh;
			shellScript = "\"${SRCROOT}/Pods/Target Support Files/Pods-pokedex3Tests/Pods-pokedex3Tests-resources.sh\"\n";
			showEnvVarsInLog = 0;
		};
		EDAA11FF626AA5D55F7361F1 /* [CP] Embed Pods Frameworks */ = {
			isa = PBXShellScriptBuildPhase;
			buildActionMask = 2147483647;
			files = (
			);
			inputPaths = (
				"${SRCROOT}/Pods/Target Support Files/Pods-pokedex3/Pods-pokedex3-frameworks.sh",
				"${BUILT_PRODUCTS_DIR}/Alamofire/Alamofire.framework",
			);
			name = "[CP] Embed Pods Frameworks";
			outputPaths = (
				"${TARGET_BUILD_DIR}/${FRAMEWORKS_FOLDER_PATH}/Alamofire.framework",
			);
			runOnlyForDeploymentPostprocessing = 0;
			shellPath = /bin/sh;
			shellScript = "\"${SRCROOT}/Pods/Target Support Files/Pods-pokedex3/Pods-pokedex3-frameworks.sh\"\n";
			showEnvVarsInLog = 0;
		};
/* End PBXShellScriptBuildPhase section */

/* Begin PBXSourcesBuildPhase section */
		3E6113D91F3C999100382734 /* Sources */ = {
			isa = PBXSourcesBuildPhase;
			buildActionMask = 2147483647;
			files = (
				3E6114151F41DFFF00382734 /* PokeCell.swift in Sources */,
				3E6114121F3C9D8900382734 /* pokemon.swift in Sources */,
				3E6113E31F3C999100382734 /* ViewController.swift in Sources */,
				3EAC45EC1F47486500C99A22 /* PokemonDetailVC.swift in Sources */,
				3E6113E11F3C999100382734 /* AppDelegate.swift in Sources */,
				3E6114191F41F10A00382734 /* csv.swift in Sources */,
			);
			runOnlyForDeploymentPostprocessing = 0;
		};
		3E6113ED1F3C999100382734 /* Sources */ = {
			isa = PBXSourcesBuildPhase;
			buildActionMask = 2147483647;
			files = (
				3E6113F61F3C999100382734 /* pokedex3Tests.swift in Sources */,
			);
			runOnlyForDeploymentPostprocessing = 0;
		};
		3E6113F81F3C999200382734 /* Sources */ = {
			isa = PBXSourcesBuildPhase;
			buildActionMask = 2147483647;
			files = (
				3E6114011F3C999200382734 /* pokedex3UITests.swift in Sources */,
			);
			runOnlyForDeploymentPostprocessing = 0;
		};
/* End PBXSourcesBuildPhase section */

/* Begin PBXTargetDependency section */
		3E6113F31F3C999100382734 /* PBXTargetDependency */ = {
			isa = PBXTargetDependency;
			target = 3E6113DC1F3C999100382734 /* pokedex3 */;
			targetProxy = 3E6113F21F3C999100382734 /* PBXContainerItemProxy */;
		};
		3E6113FE1F3C999200382734 /* PBXTargetDependency */ = {
			isa = PBXTargetDependency;
			target = 3E6113DC1F3C999100382734 /* pokedex3 */;
			targetProxy = 3E6113FD1F3C999200382734 /* PBXContainerItemProxy */;
		};
/* End PBXTargetDependency section */

/* Begin PBXVariantGroup section */
		3E6113E41F3C999100382734 /* Main.storyboard */ = {
			isa = PBXVariantGroup;
			children = (
				3E6113E51F3C999100382734 /* Base */,
			);
			name = Main.storyboard;
			sourceTree = "<group>";
		};
		3E6113E91F3C999100382734 /* LaunchScreen.storyboard */ = {
			isa = PBXVariantGroup;
			children = (
				3E6113EA1F3C999100382734 /* Base */,
			);
			name = LaunchScreen.storyboard;
			sourceTree = "<group>";
		};
/* End PBXVariantGroup section */

/* Begin XCBuildConfiguration section */
		3E6114031F3C999200382734 /* Debug */ = {
			isa = XCBuildConfiguration;
			buildSettings = {
				ALWAYS_SEARCH_USER_PATHS = NO;
				CLANG_ANALYZER_NONNULL = YES;
				CLANG_ANALYZER_NUMBER_OBJECT_CONVERSION = YES_AGGRESSIVE;
				CLANG_CXX_LANGUAGE_STANDARD = "gnu++0x";
				CLANG_CXX_LIBRARY = "libc++";
				CLANG_ENABLE_MODULES = YES;
				CLANG_ENABLE_OBJC_ARC = YES;
				CLANG_WARN_BOOL_CONVERSION = YES;
				CLANG_WARN_CONSTANT_CONVERSION = YES;
				CLANG_WARN_DIRECT_OBJC_ISA_USAGE = YES_ERROR;
				CLANG_WARN_DOCUMENTATION_COMMENTS = YES;
				CLANG_WARN_EMPTY_BODY = YES;
				CLANG_WARN_ENUM_CONVERSION = YES;
				CLANG_WARN_INFINITE_RECURSION = YES;
				CLANG_WARN_INT_CONVERSION = YES;
				CLANG_WARN_OBJC_ROOT_CLASS = YES_ERROR;
				CLANG_WARN_SUSPICIOUS_MOVE = YES;
				CLANG_WARN_UNREACHABLE_CODE = YES;
				CLANG_WARN__DUPLICATE_METHOD_MATCH = YES;
				"CODE_SIGN_IDENTITY[sdk=iphoneos*]" = "iPhone Developer";
				COPY_PHASE_STRIP = NO;
				DEBUG_INFORMATION_FORMAT = dwarf;
				ENABLE_STRICT_OBJC_MSGSEND = YES;
				ENABLE_TESTABILITY = YES;
				GCC_C_LANGUAGE_STANDARD = gnu99;
				GCC_DYNAMIC_NO_PIC = NO;
				GCC_NO_COMMON_BLOCKS = YES;
				GCC_OPTIMIZATION_LEVEL = 0;
				GCC_PREPROCESSOR_DEFINITIONS = (
					"DEBUG=1",
					"$(inherited)",
				);
				GCC_WARN_64_TO_32_BIT_CONVERSION = YES;
				GCC_WARN_ABOUT_RETURN_TYPE = YES_ERROR;
				GCC_WARN_UNDECLARED_SELECTOR = YES;
				GCC_WARN_UNINITIALIZED_AUTOS = YES_AGGRESSIVE;
				GCC_WARN_UNUSED_FUNCTION = YES;
				GCC_WARN_UNUSED_VARIABLE = YES;
				IPHONEOS_DEPLOYMENT_TARGET = 10.3;
				MTL_ENABLE_DEBUG_INFO = YES;
				ONLY_ACTIVE_ARCH = YES;
				SDKROOT = iphoneos;
				SWIFT_ACTIVE_COMPILATION_CONDITIONS = DEBUG;
				SWIFT_OPTIMIZATION_LEVEL = "-Onone";
				TARGETED_DEVICE_FAMILY = "1,2";
			};
			name = Debug;
		};
		3E6114041F3C999200382734 /* Release */ = {
			isa = XCBuildConfiguration;
			buildSettings = {
				ALWAYS_SEARCH_USER_PATHS = NO;
				CLANG_ANALYZER_NONNULL = YES;
				CLANG_ANALYZER_NUMBER_OBJECT_CONVERSION = YES_AGGRESSIVE;
				CLANG_CXX_LANGUAGE_STANDARD = "gnu++0x";
				CLANG_CXX_LIBRARY = "libc++";
				CLANG_ENABLE_MODULES = YES;
				CLANG_ENABLE_OBJC_ARC = YES;
				CLANG_WARN_BOOL_CONVERSION = YES;
				CLANG_WARN_CONSTANT_CONVERSION = YES;
				CLANG_WARN_DIRECT_OBJC_ISA_USAGE = YES_ERROR;
				CLANG_WARN_DOCUMENTATION_COMMENTS = YES;
				CLANG_WARN_EMPTY_BODY = YES;
				CLANG_WARN_ENUM_CONVERSION = YES;
				CLANG_WARN_INFINITE_RECURSION = YES;
				CLANG_WARN_INT_CONVERSION = YES;
				CLANG_WARN_OBJC_ROOT_CLASS = YES_ERROR;
				CLANG_WARN_SUSPICIOUS_MOVE = YES;
				CLANG_WARN_UNREACHABLE_CODE = YES;
				CLANG_WARN__DUPLICATE_METHOD_MATCH = YES;
				"CODE_SIGN_IDENTITY[sdk=iphoneos*]" = "iPhone Developer";
				COPY_PHASE_STRIP = NO;
				DEBUG_INFORMATION_FORMAT = "dwarf-with-dsym";
				ENABLE_NS_ASSERTIONS = NO;
				ENABLE_STRICT_OBJC_MSGSEND = YES;
				GCC_C_LANGUAGE_STANDARD = gnu99;
				GCC_NO_COMMON_BLOCKS = YES;
				GCC_WARN_64_TO_32_BIT_CONVERSION = YES;
				GCC_WARN_ABOUT_RETURN_TYPE = YES_ERROR;
				GCC_WARN_UNDECLARED_SELECTOR = YES;
				GCC_WARN_UNINITIALIZED_AUTOS = YES_AGGRESSIVE;
				GCC_WARN_UNUSED_FUNCTION = YES;
				GCC_WARN_UNUSED_VARIABLE = YES;
				IPHONEOS_DEPLOYMENT_TARGET = 10.3;
				MTL_ENABLE_DEBUG_INFO = NO;
				SDKROOT = iphoneos;
				SWIFT_OPTIMIZATION_LEVEL = "-Owholemodule";
				TARGETED_DEVICE_FAMILY = "1,2";
				VALIDATE_PRODUCT = YES;
			};
			name = Release;
		};
		3E6114061F3C999200382734 /* Debug */ = {
			isa = XCBuildConfiguration;
			baseConfigurationReference = 9155D24F777774CA4120DA6A /* Pods-pokedex3.debug.xcconfig */;
			buildSettings = {
				ASSETCATALOG_COMPILER_APPICON_NAME = AppIcon;
				INFOPLIST_FILE = pokedex3/Info.plist;
				LD_RUNPATH_SEARCH_PATHS = "$(inherited) @executable_path/Frameworks";
				PRODUCT_BUNDLE_IDENTIFIER = philipwinnington.pokedex3;
				PRODUCT_NAME = "$(TARGET_NAME)";
				SWIFT_VERSION = 3.0;
			};
			name = Debug;
		};
		3E6114071F3C999200382734 /* Release */ = {
			isa = XCBuildConfiguration;
			baseConfigurationReference = 67AB6DCEC113AFA05FD46D36 /* Pods-pokedex3.release.xcconfig */;
			buildSettings = {
				ASSETCATALOG_COMPILER_APPICON_NAME = AppIcon;
				INFOPLIST_FILE = pokedex3/Info.plist;
				LD_RUNPATH_SEARCH_PATHS = "$(inherited) @executable_path/Frameworks";
				PRODUCT_BUNDLE_IDENTIFIER = philipwinnington.pokedex3;
				PRODUCT_NAME = "$(TARGET_NAME)";
				SWIFT_VERSION = 3.0;
			};
			name = Release;
		};
		3E6114091F3C999200382734 /* Debug */ = {
			isa = XCBuildConfiguration;
			baseConfigurationReference = 623E3A9AA55F505E047FC030 /* Pods-pokedex3Tests.debug.xcconfig */;
			buildSettings = {
				ALWAYS_EMBED_SWIFT_STANDARD_LIBRARIES = YES;
				BUNDLE_LOADER = "$(TEST_HOST)";
				INFOPLIST_FILE = pokedex3Tests/Info.plist;
				LD_RUNPATH_SEARCH_PATHS = "$(inherited) @executable_path/Frameworks @loader_path/Frameworks";
				PRODUCT_BUNDLE_IDENTIFIER = philipwinnington.pokedex3Tests;
				PRODUCT_NAME = "$(TARGET_NAME)";
				SWIFT_VERSION = 3.0;
				TEST_HOST = "$(BUILT_PRODUCTS_DIR)/pokedex3.app/pokedex3";
			};
			name = Debug;
		};
		3E61140A1F3C999200382734 /* Release */ = {
			isa = XCBuildConfiguration;
			baseConfigurationReference = D03492AD6683308B4ACD6B5F /* Pods-pokedex3Tests.release.xcconfig */;
			buildSettings = {
				ALWAYS_EMBED_SWIFT_STANDARD_LIBRARIES = YES;
				BUNDLE_LOADER = "$(TEST_HOST)";
				INFOPLIST_FILE = pokedex3Tests/Info.plist;
				LD_RUNPATH_SEARCH_PATHS = "$(inherited) @executable_path/Frameworks @loader_path/Frameworks";
				PRODUCT_BUNDLE_IDENTIFIER = philipwinnington.pokedex3Tests;
				PRODUCT_NAME = "$(TARGET_NAME)";
				SWIFT_VERSION = 3.0;
				TEST_HOST = "$(BUILT_PRODUCTS_DIR)/pokedex3.app/pokedex3";
			};
			name = Release;
		};
		3E61140C1F3C999200382734 /* Debug */ = {
			isa = XCBuildConfiguration;
			baseConfigurationReference = A29431BF6CE779BAA41CD67A /* Pods-pokedex3UITests.debug.xcconfig */;
			buildSettings = {
				ALWAYS_EMBED_SWIFT_STANDARD_LIBRARIES = YES;
				INFOPLIST_FILE = pokedex3UITests/Info.plist;
				LD_RUNPATH_SEARCH_PATHS = "$(inherited) @executable_path/Frameworks @loader_path/Frameworks";
				PRODUCT_BUNDLE_IDENTIFIER = philipwinnington.pokedex3UITests;
				PRODUCT_NAME = "$(TARGET_NAME)";
				SWIFT_VERSION = 3.0;
				TEST_TARGET_NAME = pokedex3;
			};
			name = Debug;
		};
		3E61140D1F3C999200382734 /* Release */ = {
			isa = XCBuildConfiguration;
			baseConfigurationReference = 9C08FF1018954AEA8A388353 /* Pods-pokedex3UITests.release.xcconfig */;
			buildSettings = {
				ALWAYS_EMBED_SWIFT_STANDARD_LIBRARIES = YES;
				INFOPLIST_FILE = pokedex3UITests/Info.plist;
				LD_RUNPATH_SEARCH_PATHS = "$(inherited) @executable_path/Frameworks @loader_path/Frameworks";
				PRODUCT_BUNDLE_IDENTIFIER = philipwinnington.pokedex3UITests;
				PRODUCT_NAME = "$(TARGET_NAME)";
				SWIFT_VERSION = 3.0;
				TEST_TARGET_NAME = pokedex3;
			};
			name = Release;
		};
/* End XCBuildConfiguration section */

/* Begin XCConfigurationList section */
		3E6113D81F3C999100382734 /* Build configuration list for PBXProject "pokedex3" */ = {
			isa = XCConfigurationList;
			buildConfigurations = (
				3E6114031F3C999200382734 /* Debug */,
				3E6114041F3C999200382734 /* Release */,
			);
			defaultConfigurationIsVisible = 0;
			defaultConfigurationName = Release;
		};
		3E6114051F3C999200382734 /* Build configuration list for PBXNativeTarget "pokedex3" */ = {
			isa = XCConfigurationList;
			buildConfigurations = (
				3E6114061F3C999200382734 /* Debug */,
				3E6114071F3C999200382734 /* Release */,
			);
			defaultConfigurationIsVisible = 0;
			defaultConfigurationName = Release;
		};
		3E6114081F3C999200382734 /* Build configuration list for PBXNativeTarget "pokedex3Tests" */ = {
			isa = XCConfigurationList;
			buildConfigurations = (
				3E6114091F3C999200382734 /* Debug */,
				3E61140A1F3C999200382734 /* Release */,
			);
			defaultConfigurationIsVisible = 0;
			defaultConfigurationName = Release;
		};
		3E61140B1F3C999200382734 /* Build configuration list for PBXNativeTarget "pokedex3UITests" */ = {
			isa = XCConfigurationList;
			buildConfigurations = (
				3E61140C1F3C999200382734 /* Debug */,
				3E61140D1F3C999200382734 /* Release */,
			);
			defaultConfigurationIsVisible = 0;
			defaultConfigurationName = Release;
		};
/* End XCConfigurationList section */
	};
	rootObject = 3E6113D51F3C999100382734 /* Project object */;
}
